
Microsoft Visual Studio Solution File, Format Version 12.00
# Visual Studio Version 16
VisualStudioVersion = 16.0.30907.101
MinimumVisualStudioVersion = 10.0.40219.1
Project("{FAE04EC0-301F-11D3-BF4B-00C04F79EFBC}") = "CompareElements", "ConsoleApp6\CompareElements.csproj", "{19701851-901C-46EE-8FF6-4EE95E660670}"
EndProject
Global
	GlobalSection(SolutionConfigurationPlatforms) = preSolution
		Debug|Any CPU = Debug|Any CPU
		Release|Any CPU = Release|Any CPU
	EndGlobalSection
	GlobalSection(ProjectConfigurationPlatforms) = postSolution
		{19701851-901C-46EE-8FF6-4EE95E660670}.Debug|Any CPU.ActiveCfg = Debug|Any CPU
		{19701851-901C-46EE-8FF6-4EE95E660670}.Debug|Any CPU.Build.0 = Debug|Any CPU
		{19701851-901C-46EE-8FF6-4EE95E660670}.Release|Any CPU.ActiveCfg = Release|Any CPU
		{19701851-901C-46EE-8FF6-4EE95E660670}.Release|Any CPU.Build.0 = Release|Any CPU
	EndGlobalSection
	GlobalSection(SolutionProperties) = preSolution
		HideSolutionNode = FALSE
	EndGlobalSection
	GlobalSection(ExtensibilityGlobals) = postSolution
		SolutionGuid = {38BB7DA2-332E-437F-91CA-2F6132E90BB8}
	EndGlobalSection
EndGlobal
