
Microsoft Visual Studio Solution File, Format Version 12.00
# Visual Studio Version 16
VisualStudioVersion = 16.0.31205.134
MinimumVisualStudioVersion = 10.0.40219.1
Project("{FAE04EC0-301F-11D3-BF4B-00C04F79EFBC}") = "Streams,files,dirs 4 merge files", "Streams,files,dirs 4 merge files\Streams,files,dirs 4 merge files.csproj", "{3213AB96-2C62-4EC6-964B-45885FDE9A53}"
EndProject
Global
	GlobalSection(SolutionConfigurationPlatforms) = preSolution
		Debug|Any CPU = Debug|Any CPU
		Release|Any CPU = Release|Any CPU
	EndGlobalSection
	GlobalSection(ProjectConfigurationPlatforms) = postSolution
		{3213AB96-2C62-4EC6-964B-45885FDE9A53}.Debug|Any CPU.ActiveCfg = Debug|Any CPU
		{3213AB96-2C62-4EC6-964B-45885FDE9A53}.Debug|Any CPU.Build.0 = Debug|Any CPU
		{3213AB96-2C62-4EC6-964B-45885FDE9A53}.Release|Any CPU.ActiveCfg = Release|Any CPU
		{3213AB96-2C62-4EC6-964B-45885FDE9A53}.Release|Any CPU.Build.0 = Release|Any CPU
	EndGlobalSection
	GlobalSection(SolutionProperties) = preSolution
		HideSolutionNode = FALSE
	EndGlobalSection
	GlobalSection(ExtensibilityGlobals) = postSolution
		SolutionGuid = {A2A30467-0AFA-4840-A75C-33840F28C2FD}
	EndGlobalSection
EndGlobal
