
Microsoft Visual Studio Solution File, Format Version 12.00
# Visual Studio Version 16
VisualStudioVersion = 16.0.30907.101
MinimumVisualStudioVersion = 10.0.40219.1
Project("{FAE04EC0-301F-11D3-BF4B-00C04F79EFBC}") = "Regular Expressions Exercise 01 Furniture", "Regular Expressions Exercise 01 Furniture\Regular Expressions Exercise 01 Furniture.csproj", "{B9CF43AC-0622-4250-ACB2-55C38B8941F2}"
EndProject
Global
	GlobalSection(SolutionConfigurationPlatforms) = preSolution
		Debug|Any CPU = Debug|Any CPU
		Release|Any CPU = Release|Any CPU
	EndGlobalSection
	GlobalSection(ProjectConfigurationPlatforms) = postSolution
		{B9CF43AC-0622-4250-ACB2-55C38B8941F2}.Debug|Any CPU.ActiveCfg = Debug|Any CPU
		{B9CF43AC-0622-4250-ACB2-55C38B8941F2}.Debug|Any CPU.Build.0 = Debug|Any CPU
		{B9CF43AC-0622-4250-ACB2-55C38B8941F2}.Release|Any CPU.ActiveCfg = Release|Any CPU
		{B9CF43AC-0622-4250-ACB2-55C38B8941F2}.Release|Any CPU.Build.0 = Release|Any CPU
	EndGlobalSection
	GlobalSection(SolutionProperties) = preSolution
		HideSolutionNode = FALSE
	EndGlobalSection
	GlobalSection(ExtensibilityGlobals) = postSolution
		SolutionGuid = {0B9822D9-D065-4D46-B63E-192284480BF0}
	EndGlobalSection
EndGlobal
