
Microsoft Visual Studio Solution File, Format Version 12.00
# Visual Studio Version 16
VisualStudioVersion = 16.0.30523.141
MinimumVisualStudioVersion = 10.0.40219.1
Project("{FAE04EC0-301F-11D3-BF4B-00C04F79EFBC}") = "SpecialNums", "SpecialNums\SpecialNums.csproj", "{A49B3ECC-2973-49EE-A707-701C59D7AC54}"
EndProject
Global
	GlobalSection(SolutionConfigurationPlatforms) = preSolution
		Debug|Any CPU = Debug|Any CPU
		Release|Any CPU = Release|Any CPU
	EndGlobalSection
	GlobalSection(ProjectConfigurationPlatforms) = postSolution
		{A49B3ECC-2973-49EE-A707-701C59D7AC54}.Debug|Any CPU.ActiveCfg = Debug|Any CPU
		{A49B3ECC-2973-49EE-A707-701C59D7AC54}.Debug|Any CPU.Build.0 = Debug|Any CPU
		{A49B3ECC-2973-49EE-A707-701C59D7AC54}.Release|Any CPU.ActiveCfg = Release|Any CPU
		{A49B3ECC-2973-49EE-A707-701C59D7AC54}.Release|Any CPU.Build.0 = Release|Any CPU
	EndGlobalSection
	GlobalSection(SolutionProperties) = preSolution
		HideSolutionNode = FALSE
	EndGlobalSection
	GlobalSection(ExtensibilityGlobals) = postSolution
		SolutionGuid = {0BF41FCE-B143-4660-AB6D-DBC78AF3327C}
	EndGlobalSection
EndGlobal
