
Microsoft Visual Studio Solution File, Format Version 12.00
# Visual Studio Version 16
VisualStudioVersion = 16.0.31205.134
MinimumVisualStudioVersion = 10.0.40219.1
Project("{FAE04EC0-301F-11D3-BF4B-00C04F79EFBC}") = "MilitaryElite", "MilitaryElite\MilitaryElite.csproj", "{C064F3A5-5BD3-4F87-9F28-43E0228C765E}"
EndProject
Global
	GlobalSection(SolutionConfigurationPlatforms) = preSolution
		Debug|Any CPU = Debug|Any CPU
		Release|Any CPU = Release|Any CPU
	EndGlobalSection
	GlobalSection(ProjectConfigurationPlatforms) = postSolution
		{C064F3A5-5BD3-4F87-9F28-43E0228C765E}.Debug|Any CPU.ActiveCfg = Debug|Any CPU
		{C064F3A5-5BD3-4F87-9F28-43E0228C765E}.Debug|Any CPU.Build.0 = Debug|Any CPU
		{C064F3A5-5BD3-4F87-9F28-43E0228C765E}.Release|Any CPU.ActiveCfg = Release|Any CPU
		{C064F3A5-5BD3-4F87-9F28-43E0228C765E}.Release|Any CPU.Build.0 = Release|Any CPU
	EndGlobalSection
	GlobalSection(SolutionProperties) = preSolution
		HideSolutionNode = FALSE
	EndGlobalSection
	GlobalSection(ExtensibilityGlobals) = postSolution
		SolutionGuid = {9B4A4E3F-22D5-47FF-9701-21F0545A0328}
	EndGlobalSection
EndGlobal
