
Microsoft Visual Studio Solution File, Format Version 12.00
# Visual Studio Version 16
VisualStudioVersion = 16.0.30907.101
MinimumVisualStudioVersion = 10.0.40219.1
Project("{FAE04EC0-301F-11D3-BF4B-00C04F79EFBC}") = "Methods Lab 09 Greater of Two Values", "Methods Lab 09 Greater of Two Values\Methods Lab 09 Greater of Two Values.csproj", "{92BBDBDE-30B7-4B48-9D7D-17597FD7D8DC}"
EndProject
Global
	GlobalSection(SolutionConfigurationPlatforms) = preSolution
		Debug|Any CPU = Debug|Any CPU
		Release|Any CPU = Release|Any CPU
	EndGlobalSection
	GlobalSection(ProjectConfigurationPlatforms) = postSolution
		{92BBDBDE-30B7-4B48-9D7D-17597FD7D8DC}.Debug|Any CPU.ActiveCfg = Debug|Any CPU
		{92BBDBDE-30B7-4B48-9D7D-17597FD7D8DC}.Debug|Any CPU.Build.0 = Debug|Any CPU
		{92BBDBDE-30B7-4B48-9D7D-17597FD7D8DC}.Release|Any CPU.ActiveCfg = Release|Any CPU
		{92BBDBDE-30B7-4B48-9D7D-17597FD7D8DC}.Release|Any CPU.Build.0 = Release|Any CPU
	EndGlobalSection
	GlobalSection(SolutionProperties) = preSolution
		HideSolutionNode = FALSE
	EndGlobalSection
	GlobalSection(ExtensibilityGlobals) = postSolution
		SolutionGuid = {B18EC6B5-AD45-47CD-8DDD-E708254E0652}
	EndGlobalSection
EndGlobal
