
Microsoft Visual Studio Solution File, Format Version 12.00
# Visual Studio Version 16
VisualStudioVersion = 16.0.30907.101
MinimumVisualStudioVersion = 10.0.40219.1
Project("{FAE04EC0-301F-11D3-BF4B-00C04F79EFBC}") = "Lists Exercise 05 Bomb Numbers", "Lists Exercise 05 Bomb Numbers\Lists Exercise 05 Bomb Numbers.csproj", "{1714F7B9-E2C0-4BF8-BE35-6A740BC88C07}"
EndProject
Global
	GlobalSection(SolutionConfigurationPlatforms) = preSolution
		Debug|Any CPU = Debug|Any CPU
		Release|Any CPU = Release|Any CPU
	EndGlobalSection
	GlobalSection(ProjectConfigurationPlatforms) = postSolution
		{1714F7B9-E2C0-4BF8-BE35-6A740BC88C07}.Debug|Any CPU.ActiveCfg = Debug|Any CPU
		{1714F7B9-E2C0-4BF8-BE35-6A740BC88C07}.Debug|Any CPU.Build.0 = Debug|Any CPU
		{1714F7B9-E2C0-4BF8-BE35-6A740BC88C07}.Release|Any CPU.ActiveCfg = Release|Any CPU
		{1714F7B9-E2C0-4BF8-BE35-6A740BC88C07}.Release|Any CPU.Build.0 = Release|Any CPU
	EndGlobalSection
	GlobalSection(SolutionProperties) = preSolution
		HideSolutionNode = FALSE
	EndGlobalSection
	GlobalSection(ExtensibilityGlobals) = postSolution
		SolutionGuid = {0F2E02D5-D96D-4E34-980B-4A87B30CF705}
	EndGlobalSection
EndGlobal
