
Microsoft Visual Studio Solution File, Format Version 12.00
# Visual Studio Version 16
VisualStudioVersion = 16.0.31205.134
MinimumVisualStudioVersion = 10.0.40219.1
Project("{FAE04EC0-301F-11D3-BF4B-00C04F79EFBC}") = "Functional Programming 5 Filter by Age", "Functional Programming 5 Filter by Age\Functional Programming 5 Filter by Age.csproj", "{03916050-5BBE-4178-8391-812B03B648E5}"
EndProject
Global
	GlobalSection(SolutionConfigurationPlatforms) = preSolution
		Debug|Any CPU = Debug|Any CPU
		Release|Any CPU = Release|Any CPU
	EndGlobalSection
	GlobalSection(ProjectConfigurationPlatforms) = postSolution
		{03916050-5BBE-4178-8391-812B03B648E5}.Debug|Any CPU.ActiveCfg = Debug|Any CPU
		{03916050-5BBE-4178-8391-812B03B648E5}.Debug|Any CPU.Build.0 = Debug|Any CPU
		{03916050-5BBE-4178-8391-812B03B648E5}.Release|Any CPU.ActiveCfg = Release|Any CPU
		{03916050-5BBE-4178-8391-812B03B648E5}.Release|Any CPU.Build.0 = Release|Any CPU
	EndGlobalSection
	GlobalSection(SolutionProperties) = preSolution
		HideSolutionNode = FALSE
	EndGlobalSection
	GlobalSection(ExtensibilityGlobals) = postSolution
		SolutionGuid = {AD2D9077-7E62-42FB-8F56-DC3E64DC481E}
	EndGlobalSection
EndGlobal
