
Microsoft Visual Studio Solution File, Format Version 12.00
# Visual Studio Version 16
VisualStudioVersion = 16.0.30907.101
MinimumVisualStudioVersion = 10.0.40219.1
Project("{FAE04EC0-301F-11D3-BF4B-00C04F79EFBC}") = "Kamino Factory", "Kamino Factory\Kamino Factory.csproj", "{6940F694-8EF1-41C9-82EF-710D12DF9EE2}"
EndProject
Global
	GlobalSection(SolutionConfigurationPlatforms) = preSolution
		Debug|Any CPU = Debug|Any CPU
		Release|Any CPU = Release|Any CPU
	EndGlobalSection
	GlobalSection(ProjectConfigurationPlatforms) = postSolution
		{6940F694-8EF1-41C9-82EF-710D12DF9EE2}.Debug|Any CPU.ActiveCfg = Debug|Any CPU
		{6940F694-8EF1-41C9-82EF-710D12DF9EE2}.Debug|Any CPU.Build.0 = Debug|Any CPU
		{6940F694-8EF1-41C9-82EF-710D12DF9EE2}.Release|Any CPU.ActiveCfg = Release|Any CPU
		{6940F694-8EF1-41C9-82EF-710D12DF9EE2}.Release|Any CPU.Build.0 = Release|Any CPU
	EndGlobalSection
	GlobalSection(SolutionProperties) = preSolution
		HideSolutionNode = FALSE
	EndGlobalSection
	GlobalSection(ExtensibilityGlobals) = postSolution
		SolutionGuid = {2D9A94C7-4785-43C7-AD8E-1CA82AD188FF}
	EndGlobalSection
EndGlobal
