
Microsoft Visual Studio Solution File, Format Version 12.00
# Visual Studio Version 16
VisualStudioVersion = 16.0.31205.134
MinimumVisualStudioVersion = 10.0.40219.1
Project("{FAE04EC0-301F-11D3-BF4B-00C04F79EFBC}") = "Sets and Dicts E4 Even Times", "Sets and Dicts E4 Even Times\Sets and Dicts E4 Even Times.csproj", "{CF1811C8-6367-40B3-BAF4-0222D1B7017F}"
EndProject
Global
	GlobalSection(SolutionConfigurationPlatforms) = preSolution
		Debug|Any CPU = Debug|Any CPU
		Release|Any CPU = Release|Any CPU
	EndGlobalSection
	GlobalSection(ProjectConfigurationPlatforms) = postSolution
		{CF1811C8-6367-40B3-BAF4-0222D1B7017F}.Debug|Any CPU.ActiveCfg = Debug|Any CPU
		{CF1811C8-6367-40B3-BAF4-0222D1B7017F}.Debug|Any CPU.Build.0 = Debug|Any CPU
		{CF1811C8-6367-40B3-BAF4-0222D1B7017F}.Release|Any CPU.ActiveCfg = Release|Any CPU
		{CF1811C8-6367-40B3-BAF4-0222D1B7017F}.Release|Any CPU.Build.0 = Release|Any CPU
	EndGlobalSection
	GlobalSection(SolutionProperties) = preSolution
		HideSolutionNode = FALSE
	EndGlobalSection
	GlobalSection(ExtensibilityGlobals) = postSolution
		SolutionGuid = {63C27054-8B91-406F-8B9A-C3961C86328D}
	EndGlobalSection
EndGlobal
