
Microsoft Visual Studio Solution File, Format Version 12.00
# Visual Studio Version 16
VisualStudioVersion = 16.0.31205.134
MinimumVisualStudioVersion = 10.0.40219.1
Project("{FAE04EC0-301F-11D3-BF4B-00C04F79EFBC}") = "Stacks and Queues Exercises 8 Parentheses", "Stacks and Queues Exercises 8 Parentheses\Stacks and Queues Exercises 8 Parentheses.csproj", "{6B29C664-F11C-412C-B9CA-9ED7927B5B2B}"
EndProject
Global
	GlobalSection(SolutionConfigurationPlatforms) = preSolution
		Debug|Any CPU = Debug|Any CPU
		Release|Any CPU = Release|Any CPU
	EndGlobalSection
	GlobalSection(ProjectConfigurationPlatforms) = postSolution
		{6B29C664-F11C-412C-B9CA-9ED7927B5B2B}.Debug|Any CPU.ActiveCfg = Debug|Any CPU
		{6B29C664-F11C-412C-B9CA-9ED7927B5B2B}.Debug|Any CPU.Build.0 = Debug|Any CPU
		{6B29C664-F11C-412C-B9CA-9ED7927B5B2B}.Release|Any CPU.ActiveCfg = Release|Any CPU
		{6B29C664-F11C-412C-B9CA-9ED7927B5B2B}.Release|Any CPU.Build.0 = Release|Any CPU
	EndGlobalSection
	GlobalSection(SolutionProperties) = preSolution
		HideSolutionNode = FALSE
	EndGlobalSection
	GlobalSection(ExtensibilityGlobals) = postSolution
		SolutionGuid = {617741DF-27DE-41B1-8F13-243C76E0C34F}
	EndGlobalSection
EndGlobal
