
Microsoft Visual Studio Solution File, Format Version 12.00
# Visual Studio Version 16
VisualStudioVersion = 16.0.31205.134
MinimumVisualStudioVersion = 10.0.40219.1
Project("{FAE04EC0-301F-11D3-BF4B-00C04F79EFBC}") = "Stacks and Queues 04 Matching Brackets", "Stacks and Queues 04 Matching Brackets\Stacks and Queues 04 Matching Brackets.csproj", "{D60E4520-F41C-4C48-94C3-57907A040061}"
EndProject
Global
	GlobalSection(SolutionConfigurationPlatforms) = preSolution
		Debug|Any CPU = Debug|Any CPU
		Release|Any CPU = Release|Any CPU
	EndGlobalSection
	GlobalSection(ProjectConfigurationPlatforms) = postSolution
		{D60E4520-F41C-4C48-94C3-57907A040061}.Debug|Any CPU.ActiveCfg = Debug|Any CPU
		{D60E4520-F41C-4C48-94C3-57907A040061}.Debug|Any CPU.Build.0 = Debug|Any CPU
		{D60E4520-F41C-4C48-94C3-57907A040061}.Release|Any CPU.ActiveCfg = Release|Any CPU
		{D60E4520-F41C-4C48-94C3-57907A040061}.Release|Any CPU.Build.0 = Release|Any CPU
	EndGlobalSection
	GlobalSection(SolutionProperties) = preSolution
		HideSolutionNode = FALSE
	EndGlobalSection
	GlobalSection(ExtensibilityGlobals) = postSolution
		SolutionGuid = {84D1F7A7-C284-4544-88FD-46D6A4812E21}
	EndGlobalSection
EndGlobal
