
Microsoft Visual Studio Solution File, Format Version 12.00
# Visual Studio Version 16
VisualStudioVersion = 16.0.30907.101
MinimumVisualStudioVersion = 10.0.40219.1
Project("{FAE04EC0-301F-11D3-BF4B-00C04F79EFBC}") = "ArraysLab", "ArraysLab\ArraysLab.csproj", "{D2D73A75-2D0D-4CF9-8DB5-3616FD15EA8E}"
EndProject
Global
	GlobalSection(SolutionConfigurationPlatforms) = preSolution
		Debug|Any CPU = Debug|Any CPU
		Release|Any CPU = Release|Any CPU
	EndGlobalSection
	GlobalSection(ProjectConfigurationPlatforms) = postSolution
		{D2D73A75-2D0D-4CF9-8DB5-3616FD15EA8E}.Debug|Any CPU.ActiveCfg = Debug|Any CPU
		{D2D73A75-2D0D-4CF9-8DB5-3616FD15EA8E}.Debug|Any CPU.Build.0 = Debug|Any CPU
		{D2D73A75-2D0D-4CF9-8DB5-3616FD15EA8E}.Release|Any CPU.ActiveCfg = Release|Any CPU
		{D2D73A75-2D0D-4CF9-8DB5-3616FD15EA8E}.Release|Any CPU.Build.0 = Release|Any CPU
	EndGlobalSection
	GlobalSection(SolutionProperties) = preSolution
		HideSolutionNode = FALSE
	EndGlobalSection
	GlobalSection(ExtensibilityGlobals) = postSolution
		SolutionGuid = {5B809C2A-55A8-4FAE-80EB-328CD1220E53}
	EndGlobalSection
EndGlobal
