
Microsoft Visual Studio Solution File, Format Version 12.00
# Visual Studio Version 16
VisualStudioVersion = 16.0.31112.23
MinimumVisualStudioVersion = 10.0.40219.1
Project("{FAE04EC0-301F-11D3-BF4B-00C04F79EFBC}") = "Softuni Fund Final 02", "Softuni Fund Final 02\Softuni Fund Final 02.csproj", "{7E901C5C-C26D-444D-A86D-BE1A584EEB02}"
EndProject
Global
	GlobalSection(SolutionConfigurationPlatforms) = preSolution
		Debug|Any CPU = Debug|Any CPU
		Release|Any CPU = Release|Any CPU
	EndGlobalSection
	GlobalSection(ProjectConfigurationPlatforms) = postSolution
		{7E901C5C-C26D-444D-A86D-BE1A584EEB02}.Debug|Any CPU.ActiveCfg = Debug|Any CPU
		{7E901C5C-C26D-444D-A86D-BE1A584EEB02}.Debug|Any CPU.Build.0 = Debug|Any CPU
		{7E901C5C-C26D-444D-A86D-BE1A584EEB02}.Release|Any CPU.ActiveCfg = Release|Any CPU
		{7E901C5C-C26D-444D-A86D-BE1A584EEB02}.Release|Any CPU.Build.0 = Release|Any CPU
	EndGlobalSection
	GlobalSection(SolutionProperties) = preSolution
		HideSolutionNode = FALSE
	EndGlobalSection
	GlobalSection(ExtensibilityGlobals) = postSolution
		SolutionGuid = {BDB98310-B921-4115-BFF8-488BE8199E48}
	EndGlobalSection
EndGlobal
