
Microsoft Visual Studio Solution File, Format Version 12.00
# Visual Studio Version 16
VisualStudioVersion = 16.0.30907.101
MinimumVisualStudioVersion = 10.0.40219.1
Project("{FAE04EC0-301F-11D3-BF4B-00C04F79EFBC}") = "LongestSub", "LongestSub\LongestSub.csproj", "{134917BE-9FB3-410A-BBC9-EA09E7C20B94}"
EndProject
Global
	GlobalSection(SolutionConfigurationPlatforms) = preSolution
		Debug|Any CPU = Debug|Any CPU
		Release|Any CPU = Release|Any CPU
	EndGlobalSection
	GlobalSection(ProjectConfigurationPlatforms) = postSolution
		{134917BE-9FB3-410A-BBC9-EA09E7C20B94}.Debug|Any CPU.ActiveCfg = Debug|Any CPU
		{134917BE-9FB3-410A-BBC9-EA09E7C20B94}.Debug|Any CPU.Build.0 = Debug|Any CPU
		{134917BE-9FB3-410A-BBC9-EA09E7C20B94}.Release|Any CPU.ActiveCfg = Release|Any CPU
		{134917BE-9FB3-410A-BBC9-EA09E7C20B94}.Release|Any CPU.Build.0 = Release|Any CPU
	EndGlobalSection
	GlobalSection(SolutionProperties) = preSolution
		HideSolutionNode = FALSE
	EndGlobalSection
	GlobalSection(ExtensibilityGlobals) = postSolution
		SolutionGuid = {87E1A9B6-E878-4BD5-9029-3E5BC1108E55}
	EndGlobalSection
EndGlobal
