
Microsoft Visual Studio Solution File, Format Version 12.00
# Visual Studio Version 16
VisualStudioVersion = 16.0.30907.101
MinimumVisualStudioVersion = 10.0.40219.1
Project("{FAE04EC0-301F-11D3-BF4B-00C04F79EFBC}") = "ArrayRotation", "ArrayRotation\ArrayRotation.csproj", "{7838039E-1EEC-4371-814D-EAFE77B54F73}"
EndProject
Global
	GlobalSection(SolutionConfigurationPlatforms) = preSolution
		Debug|Any CPU = Debug|Any CPU
		Release|Any CPU = Release|Any CPU
	EndGlobalSection
	GlobalSection(ProjectConfigurationPlatforms) = postSolution
		{7838039E-1EEC-4371-814D-EAFE77B54F73}.Debug|Any CPU.ActiveCfg = Debug|Any CPU
		{7838039E-1EEC-4371-814D-EAFE77B54F73}.Debug|Any CPU.Build.0 = Debug|Any CPU
		{7838039E-1EEC-4371-814D-EAFE77B54F73}.Release|Any CPU.ActiveCfg = Release|Any CPU
		{7838039E-1EEC-4371-814D-EAFE77B54F73}.Release|Any CPU.Build.0 = Release|Any CPU
	EndGlobalSection
	GlobalSection(SolutionProperties) = preSolution
		HideSolutionNode = FALSE
	EndGlobalSection
	GlobalSection(ExtensibilityGlobals) = postSolution
		SolutionGuid = {CF0229BF-28EB-4F1B-A50D-D81B243F10CB}
	EndGlobalSection
EndGlobal
