
Microsoft Visual Studio Solution File, Format Version 12.00
# Visual Studio Version 16
VisualStudioVersion = 16.0.31205.134
MinimumVisualStudioVersion = 10.0.40219.1
Project("{FAE04EC0-301F-11D3-BF4B-00C04F79EFBC}") = "Sets and Dicts E5 Count Symbols", "Sets and Dicts E5 Count Symbols\Sets and Dicts E5 Count Symbols.csproj", "{4CC21722-C15B-4175-A58F-B0E88B12B301}"
EndProject
Global
	GlobalSection(SolutionConfigurationPlatforms) = preSolution
		Debug|Any CPU = Debug|Any CPU
		Release|Any CPU = Release|Any CPU
	EndGlobalSection
	GlobalSection(ProjectConfigurationPlatforms) = postSolution
		{4CC21722-C15B-4175-A58F-B0E88B12B301}.Debug|Any CPU.ActiveCfg = Debug|Any CPU
		{4CC21722-C15B-4175-A58F-B0E88B12B301}.Debug|Any CPU.Build.0 = Debug|Any CPU
		{4CC21722-C15B-4175-A58F-B0E88B12B301}.Release|Any CPU.ActiveCfg = Release|Any CPU
		{4CC21722-C15B-4175-A58F-B0E88B12B301}.Release|Any CPU.Build.0 = Release|Any CPU
	EndGlobalSection
	GlobalSection(SolutionProperties) = preSolution
		HideSolutionNode = FALSE
	EndGlobalSection
	GlobalSection(ExtensibilityGlobals) = postSolution
		SolutionGuid = {A559C133-D588-4037-8EDA-4D98AE5212AF}
	EndGlobalSection
EndGlobal
