
Microsoft Visual Studio Solution File, Format Version 12.00
# Visual Studio Version 16
VisualStudioVersion = 16.0.30907.101
MinimumVisualStudioVersion = 10.0.40219.1
Project("{FAE04EC0-301F-11D3-BF4B-00C04F79EFBC}") = "Methods More Exercise 04 Tribonacci Sequence", "Methods More Exercise 04 Tribonacci Sequence\Methods More Exercise 04 Tribonacci Sequence.csproj", "{528BDEA8-E1E6-4E66-AAB5-A7E175E67BE8}"
EndProject
Global
	GlobalSection(SolutionConfigurationPlatforms) = preSolution
		Debug|Any CPU = Debug|Any CPU
		Release|Any CPU = Release|Any CPU
	EndGlobalSection
	GlobalSection(ProjectConfigurationPlatforms) = postSolution
		{528BDEA8-E1E6-4E66-AAB5-A7E175E67BE8}.Debug|Any CPU.ActiveCfg = Debug|Any CPU
		{528BDEA8-E1E6-4E66-AAB5-A7E175E67BE8}.Debug|Any CPU.Build.0 = Debug|Any CPU
		{528BDEA8-E1E6-4E66-AAB5-A7E175E67BE8}.Release|Any CPU.ActiveCfg = Release|Any CPU
		{528BDEA8-E1E6-4E66-AAB5-A7E175E67BE8}.Release|Any CPU.Build.0 = Release|Any CPU
	EndGlobalSection
	GlobalSection(SolutionProperties) = preSolution
		HideSolutionNode = FALSE
	EndGlobalSection
	GlobalSection(ExtensibilityGlobals) = postSolution
		SolutionGuid = {2A40BD52-E58F-4848-9B11-82BFAF453A50}
	EndGlobalSection
EndGlobal
