
Microsoft Visual Studio Solution File, Format Version 12.00
# Visual Studio Version 16
VisualStudioVersion = 16.0.30523.141
MinimumVisualStudioVersion = 10.0.40219.1
Project("{FAE04EC0-301F-11D3-BF4B-00C04F79EFBC}") = "ANDPR", "ANDPR\ANDPR.csproj", "{6567A4BC-5F9B-4076-9104-A282E1B3A2C5}"
EndProject
Global
	GlobalSection(SolutionConfigurationPlatforms) = preSolution
		Debug|Any CPU = Debug|Any CPU
		Release|Any CPU = Release|Any CPU
	EndGlobalSection
	GlobalSection(ProjectConfigurationPlatforms) = postSolution
		{6567A4BC-5F9B-4076-9104-A282E1B3A2C5}.Debug|Any CPU.ActiveCfg = Debug|Any CPU
		{6567A4BC-5F9B-4076-9104-A282E1B3A2C5}.Debug|Any CPU.Build.0 = Debug|Any CPU
		{6567A4BC-5F9B-4076-9104-A282E1B3A2C5}.Release|Any CPU.ActiveCfg = Release|Any CPU
		{6567A4BC-5F9B-4076-9104-A282E1B3A2C5}.Release|Any CPU.Build.0 = Release|Any CPU
	EndGlobalSection
	GlobalSection(SolutionProperties) = preSolution
		HideSolutionNode = FALSE
	EndGlobalSection
	GlobalSection(ExtensibilityGlobals) = postSolution
		SolutionGuid = {7784E684-357B-43B3-ABE9-9732B7AE9255}
	EndGlobalSection
EndGlobal
