
Microsoft Visual Studio Solution File, Format Version 12.00
# Visual Studio Version 16
VisualStudioVersion = 16.0.30907.101
MinimumVisualStudioVersion = 10.0.40219.1
Project("{FAE04EC0-301F-11D3-BF4B-00C04F79EFBC}") = "Objects and Classes Lab 05 Students 2.0", "Objects and Classes Lab 05 Students 2.0\Objects and Classes Lab 05 Students 2.0.csproj", "{0F24F31F-A0FD-497D-A9A8-F8EDD2627CED}"
EndProject
Global
	GlobalSection(SolutionConfigurationPlatforms) = preSolution
		Debug|Any CPU = Debug|Any CPU
		Release|Any CPU = Release|Any CPU
	EndGlobalSection
	GlobalSection(ProjectConfigurationPlatforms) = postSolution
		{0F24F31F-A0FD-497D-A9A8-F8EDD2627CED}.Debug|Any CPU.ActiveCfg = Debug|Any CPU
		{0F24F31F-A0FD-497D-A9A8-F8EDD2627CED}.Debug|Any CPU.Build.0 = Debug|Any CPU
		{0F24F31F-A0FD-497D-A9A8-F8EDD2627CED}.Release|Any CPU.ActiveCfg = Release|Any CPU
		{0F24F31F-A0FD-497D-A9A8-F8EDD2627CED}.Release|Any CPU.Build.0 = Release|Any CPU
	EndGlobalSection
	GlobalSection(SolutionProperties) = preSolution
		HideSolutionNode = FALSE
	EndGlobalSection
	GlobalSection(ExtensibilityGlobals) = postSolution
		SolutionGuid = {5C4F853B-5130-498C-8CDB-4A8FB6D8EDDA}
	EndGlobalSection
EndGlobal
