
Microsoft Visual Studio Solution File, Format Version 12.00
# Visual Studio Version 16
VisualStudioVersion = 16.0.30907.101
MinimumVisualStudioVersion = 10.0.40219.1
Project("{FAE04EC0-301F-11D3-BF4B-00C04F79EFBC}") = "PascalTriangle", "PascalTriangle\PascalTriangle.csproj", "{F5DBB80A-933B-4E2E-8270-681E8BA75256}"
EndProject
Global
	GlobalSection(SolutionConfigurationPlatforms) = preSolution
		Debug|Any CPU = Debug|Any CPU
		Release|Any CPU = Release|Any CPU
	EndGlobalSection
	GlobalSection(ProjectConfigurationPlatforms) = postSolution
		{F5DBB80A-933B-4E2E-8270-681E8BA75256}.Debug|Any CPU.ActiveCfg = Debug|Any CPU
		{F5DBB80A-933B-4E2E-8270-681E8BA75256}.Debug|Any CPU.Build.0 = Debug|Any CPU
		{F5DBB80A-933B-4E2E-8270-681E8BA75256}.Release|Any CPU.ActiveCfg = Release|Any CPU
		{F5DBB80A-933B-4E2E-8270-681E8BA75256}.Release|Any CPU.Build.0 = Release|Any CPU
	EndGlobalSection
	GlobalSection(SolutionProperties) = preSolution
		HideSolutionNode = FALSE
	EndGlobalSection
	GlobalSection(ExtensibilityGlobals) = postSolution
		SolutionGuid = {8DE579F9-4C6E-47F4-84CD-BF1334A1D82A}
	EndGlobalSection
EndGlobal
