
Microsoft Visual Studio Solution File, Format Version 12.00
# Visual Studio Version 16
VisualStudioVersion = 16.0.31205.134
MinimumVisualStudioVersion = 10.0.40219.1
Project("{FAE04EC0-301F-11D3-BF4B-00C04F79EFBC}") = "DefiningClasses", "DefiningClasses\DefiningClasses.csproj", "{F6DB8AB8-7174-4EE3-AAE9-7666CB156F61}"
EndProject
Global
	GlobalSection(SolutionConfigurationPlatforms) = preSolution
		Debug|Any CPU = Debug|Any CPU
		Release|Any CPU = Release|Any CPU
	EndGlobalSection
	GlobalSection(ProjectConfigurationPlatforms) = postSolution
		{F6DB8AB8-7174-4EE3-AAE9-7666CB156F61}.Debug|Any CPU.ActiveCfg = Debug|Any CPU
		{F6DB8AB8-7174-4EE3-AAE9-7666CB156F61}.Debug|Any CPU.Build.0 = Debug|Any CPU
		{F6DB8AB8-7174-4EE3-AAE9-7666CB156F61}.Release|Any CPU.ActiveCfg = Release|Any CPU
		{F6DB8AB8-7174-4EE3-AAE9-7666CB156F61}.Release|Any CPU.Build.0 = Release|Any CPU
	EndGlobalSection
	GlobalSection(SolutionProperties) = preSolution
		HideSolutionNode = FALSE
	EndGlobalSection
	GlobalSection(ExtensibilityGlobals) = postSolution
		SolutionGuid = {C25E52B2-DC1A-4659-9BD5-C5F76AA81F3D}
	EndGlobalSection
EndGlobal
