
Microsoft Visual Studio Solution File, Format Version 12.00
# Visual Studio Version 16
VisualStudioVersion = 16.0.30907.101
MinimumVisualStudioVersion = 10.0.40219.1
Project("{FAE04EC0-301F-11D3-BF4B-00C04F79EFBC}") = "MergeArrays", "MergeArrays\MergeArrays.csproj", "{EB2347D7-57EA-4E92-B7C8-178F8962C8D2}"
EndProject
Global
	GlobalSection(SolutionConfigurationPlatforms) = preSolution
		Debug|Any CPU = Debug|Any CPU
		Release|Any CPU = Release|Any CPU
	EndGlobalSection
	GlobalSection(ProjectConfigurationPlatforms) = postSolution
		{EB2347D7-57EA-4E92-B7C8-178F8962C8D2}.Debug|Any CPU.ActiveCfg = Debug|Any CPU
		{EB2347D7-57EA-4E92-B7C8-178F8962C8D2}.Debug|Any CPU.Build.0 = Debug|Any CPU
		{EB2347D7-57EA-4E92-B7C8-178F8962C8D2}.Release|Any CPU.ActiveCfg = Release|Any CPU
		{EB2347D7-57EA-4E92-B7C8-178F8962C8D2}.Release|Any CPU.Build.0 = Release|Any CPU
	EndGlobalSection
	GlobalSection(SolutionProperties) = preSolution
		HideSolutionNode = FALSE
	EndGlobalSection
	GlobalSection(ExtensibilityGlobals) = postSolution
		SolutionGuid = {68B23ABD-3095-404F-9CCA-D999DDF8EA6A}
	EndGlobalSection
EndGlobal
