
Microsoft Visual Studio Solution File, Format Version 12.00
# Visual Studio Version 16
VisualStudioVersion = 16.0.30907.101
MinimumVisualStudioVersion = 10.0.40219.1
Project("{FAE04EC0-301F-11D3-BF4B-00C04F79EFBC}") = "CondensedArr", "CondensedArr\CondensedArr.csproj", "{6CFA1CDC-2F09-4130-A93A-D933E1EABCBB}"
EndProject
Global
	GlobalSection(SolutionConfigurationPlatforms) = preSolution
		Debug|Any CPU = Debug|Any CPU
		Release|Any CPU = Release|Any CPU
	EndGlobalSection
	GlobalSection(ProjectConfigurationPlatforms) = postSolution
		{6CFA1CDC-2F09-4130-A93A-D933E1EABCBB}.Debug|Any CPU.ActiveCfg = Debug|Any CPU
		{6CFA1CDC-2F09-4130-A93A-D933E1EABCBB}.Debug|Any CPU.Build.0 = Debug|Any CPU
		{6CFA1CDC-2F09-4130-A93A-D933E1EABCBB}.Release|Any CPU.ActiveCfg = Release|Any CPU
		{6CFA1CDC-2F09-4130-A93A-D933E1EABCBB}.Release|Any CPU.Build.0 = Release|Any CPU
	EndGlobalSection
	GlobalSection(SolutionProperties) = preSolution
		HideSolutionNode = FALSE
	EndGlobalSection
	GlobalSection(ExtensibilityGlobals) = postSolution
		SolutionGuid = {3636BE7D-BA7C-489E-9B0B-5ED8CFBA69B8}
	EndGlobalSection
EndGlobal
